
Microsoft Visual Studio Solution File, Format Version 12.00
# Visual Studio Version 17
VisualStudioVersion = 17.5.33424.131
MinimumVisualStudioVersion = 10.0.40219.1
Project("{FAE04EC0-301F-11D3-BF4B-00C04F79EFBC}") = "Civil3DAlignmentStationCoordinatesTable", "Civil3DAlignmentStationCoordinatesTable\Civil3DAlignmentStationCoordinatesTable.csproj", "{E3158364-3C2F-4C85-8D71-0BE68EA92F4B}"
	ProjectSection(ProjectDependencies) = postProject
		{D366AA9D-72E7-420F-AE21-03EAFD001403} = {D366AA9D-72E7-420F-AE21-03EAFD001403}
	EndProjectSection
EndProject
Project("{FAE04EC0-301F-11D3-BF4B-00C04F79EFBC}") = "InstallationFiles", "InstallationFiles\InstallationFiles.csproj", "{D366AA9D-72E7-420F-AE21-03EAFD001403}"
	ProjectSection(ProjectDependencies) = postProject
		{41981E44-B15C-46AE-9FA8-067421754186} = {41981E44-B15C-46AE-9FA8-067421754186}
		{7A1DED80-7CBF-47C7-A443-0C630130DD07} = {7A1DED80-7CBF-47C7-A443-0C630130DD07}
		{AA1444A5-0548-46E8-A9F6-4B1445D3DC66} = {AA1444A5-0548-46E8-A9F6-4B1445D3DC66}
	EndProjectSection
EndProject
Project("{FAE04EC0-301F-11D3-BF4B-00C04F79EFBC}") = "Civil3DSubassemblyAnnotations", "Civil3DSubassemblyAnnotations\Civil3DSubassemblyAnnotations.csproj", "{41981E44-B15C-46AE-9FA8-067421754186}"
EndProject
Project("{FAE04EC0-301F-11D3-BF4B-00C04F79EFBC}") = "Civil3DUtils", "Civil3DUtils\Civil3DUtils.csproj", "{7A1DED80-7CBF-47C7-A443-0C630130DD07}"
EndProject
Project("{FAE04EC0-301F-11D3-BF4B-00C04F79EFBC}") = "AutoCADUtils", "AutoCADUtils\AutoCADUtils.csproj", "{AA1444A5-0548-46E8-A9F6-4B1445D3DC66}"
EndProject
Project("{FAE04EC0-301F-11D3-BF4B-00C04F79EFBC}") = "Civil3DToolbox", "Civil3DToolbox\Civil3DToolbox.csproj", "{8E8018B0-2591-4FA6-A346-B66674B2DBA9}"
EndProject
Global
	GlobalSection(SolutionConfigurationPlatforms) = preSolution
		Civil3D2019Debug|Any CPU = Civil3D2019Debug|Any CPU
		Civil3D2022Debug|Any CPU = Civil3D2022Debug|Any CPU
		Civil3D2023Debug|Any CPU = Civil3D2023Debug|Any CPU
		Debug|Any CPU = Debug|Any CPU
		Release|Any CPU = Release|Any CPU
	EndGlobalSection
	GlobalSection(ProjectConfigurationPlatforms) = postSolution
		{E3158364-3C2F-4C85-8D71-0BE68EA92F4B}.Civil3D2019Debug|Any CPU.ActiveCfg = Civil3D2019Debug|Any CPU
		{E3158364-3C2F-4C85-8D71-0BE68EA92F4B}.Civil3D2019Debug|Any CPU.Build.0 = Civil3D2019Debug|Any CPU
		{E3158364-3C2F-4C85-8D71-0BE68EA92F4B}.Civil3D2022Debug|Any CPU.ActiveCfg = Civil3D2022Debug|Any CPU
		{E3158364-3C2F-4C85-8D71-0BE68EA92F4B}.Civil3D2022Debug|Any CPU.Build.0 = Civil3D2022Debug|Any CPU
		{E3158364-3C2F-4C85-8D71-0BE68EA92F4B}.Civil3D2023Debug|Any CPU.ActiveCfg = Civil3D2023Debug|Any CPU
		{E3158364-3C2F-4C85-8D71-0BE68EA92F4B}.Civil3D2023Debug|Any CPU.Build.0 = Civil3D2023Debug|Any CPU
		{E3158364-3C2F-4C85-8D71-0BE68EA92F4B}.Debug|Any CPU.ActiveCfg = Civil3D2023Debug|Any CPU
		{E3158364-3C2F-4C85-8D71-0BE68EA92F4B}.Debug|Any CPU.Build.0 = Civil3D2023Debug|Any CPU
		{E3158364-3C2F-4C85-8D71-0BE68EA92F4B}.Release|Any CPU.ActiveCfg = Civil3D2023Debug|Any CPU
		{E3158364-3C2F-4C85-8D71-0BE68EA92F4B}.Release|Any CPU.Build.0 = Civil3D2023Debug|Any CPU
		{D366AA9D-72E7-420F-AE21-03EAFD001403}.Civil3D2019Debug|Any CPU.ActiveCfg = Civil3D2019|Any CPU
		{D366AA9D-72E7-420F-AE21-03EAFD001403}.Civil3D2019Debug|Any CPU.Build.0 = Civil3D2019|Any CPU
		{D366AA9D-72E7-420F-AE21-03EAFD001403}.Civil3D2022Debug|Any CPU.ActiveCfg = Civil3D2022Debug|Any CPU
		{D366AA9D-72E7-420F-AE21-03EAFD001403}.Civil3D2022Debug|Any CPU.Build.0 = Civil3D2022Debug|Any CPU
		{D366AA9D-72E7-420F-AE21-03EAFD001403}.Civil3D2023Debug|Any CPU.ActiveCfg = Civil3D2023Debug|Any CPU
		{D366AA9D-72E7-420F-AE21-03EAFD001403}.Civil3D2023Debug|Any CPU.Build.0 = Civil3D2023Debug|Any CPU
		{D366AA9D-72E7-420F-AE21-03EAFD001403}.Debug|Any CPU.ActiveCfg = Debug|Any CPU
		{D366AA9D-72E7-420F-AE21-03EAFD001403}.Debug|Any CPU.Build.0 = Debug|Any CPU
		{D366AA9D-72E7-420F-AE21-03EAFD001403}.Release|Any CPU.ActiveCfg = Release|Any CPU
		{D366AA9D-72E7-420F-AE21-03EAFD001403}.Release|Any CPU.Build.0 = Release|Any CPU
		{41981E44-B15C-46AE-9FA8-067421754186}.Civil3D2019Debug|Any CPU.ActiveCfg = Civil3D2019Debug|Any CPU
		{41981E44-B15C-46AE-9FA8-067421754186}.Civil3D2019Debug|Any CPU.Build.0 = Civil3D2019Debug|Any CPU
		{41981E44-B15C-46AE-9FA8-067421754186}.Civil3D2022Debug|Any CPU.ActiveCfg = Civil3D2022Debug|Any CPU
		{41981E44-B15C-46AE-9FA8-067421754186}.Civil3D2022Debug|Any CPU.Build.0 = Civil3D2022Debug|Any CPU
		{41981E44-B15C-46AE-9FA8-067421754186}.Civil3D2023Debug|Any CPU.ActiveCfg = Civil3D2023Debug|Any CPU
		{41981E44-B15C-46AE-9FA8-067421754186}.Civil3D2023Debug|Any CPU.Build.0 = Civil3D2023Debug|Any CPU
		{41981E44-B15C-46AE-9FA8-067421754186}.Debug|Any CPU.ActiveCfg = Civil3D2019Debug|Any CPU
		{41981E44-B15C-46AE-9FA8-067421754186}.Debug|Any CPU.Build.0 = Civil3D2019Debug|Any CPU
		{41981E44-B15C-46AE-9FA8-067421754186}.Release|Any CPU.ActiveCfg = Civil3D2019Debug|Any CPU
		{41981E44-B15C-46AE-9FA8-067421754186}.Release|Any CPU.Build.0 = Civil3D2019Debug|Any CPU
		{7A1DED80-7CBF-47C7-A443-0C630130DD07}.Civil3D2019Debug|Any CPU.ActiveCfg = Civil3D2019Debug|Any CPU
		{7A1DED80-7CBF-47C7-A443-0C630130DD07}.Civil3D2019Debug|Any CPU.Build.0 = Civil3D2019Debug|Any CPU
		{7A1DED80-7CBF-47C7-A443-0C630130DD07}.Civil3D2022Debug|Any CPU.ActiveCfg = Civil3D2022Debug|Any CPU
		{7A1DED80-7CBF-47C7-A443-0C630130DD07}.Civil3D2022Debug|Any CPU.Build.0 = Civil3D2022Debug|Any CPU
		{7A1DED80-7CBF-47C7-A443-0C630130DD07}.Civil3D2023Debug|Any CPU.ActiveCfg = Civil3D2023Debug|Any CPU
		{7A1DED80-7CBF-47C7-A443-0C630130DD07}.Civil3D2023Debug|Any CPU.Build.0 = Civil3D2023Debug|Any CPU
		{7A1DED80-7CBF-47C7-A443-0C630130DD07}.Debug|Any CPU.ActiveCfg = Civil3D2019Debug|Any CPU
		{7A1DED80-7CBF-47C7-A443-0C630130DD07}.Debug|Any CPU.Build.0 = Civil3D2019Debug|Any CPU
		{7A1DED80-7CBF-47C7-A443-0C630130DD07}.Release|Any CPU.ActiveCfg = Release|Any CPU
		{7A1DED80-7CBF-47C7-A443-0C630130DD07}.Release|Any CPU.Build.0 = Release|Any CPU
		{AA1444A5-0548-46E8-A9F6-4B1445D3DC66}.Civil3D2019Debug|Any CPU.ActiveCfg = Civil3D2019Debug|Any CPU
		{AA1444A5-0548-46E8-A9F6-4B1445D3DC66}.Civil3D2019Debug|Any CPU.Build.0 = Civil3D2019Debug|Any CPU
		{AA1444A5-0548-46E8-A9F6-4B1445D3DC66}.Civil3D2022Debug|Any CPU.ActiveCfg = Civil3D2022Debug|Any CPU
		{AA1444A5-0548-46E8-A9F6-4B1445D3DC66}.Civil3D2022Debug|Any CPU.Build.0 = Civil3D2022Debug|Any CPU
		{AA1444A5-0548-46E8-A9F6-4B1445D3DC66}.Civil3D2023Debug|Any CPU.ActiveCfg = Civil3D2023Debug|Any CPU
		{AA1444A5-0548-46E8-A9F6-4B1445D3DC66}.Civil3D2023Debug|Any CPU.Build.0 = Civil3D2023Debug|Any CPU
		{AA1444A5-0548-46E8-A9F6-4B1445D3DC66}.Debug|Any CPU.ActiveCfg = Civil3D2019Debug|Any CPU
		{AA1444A5-0548-46E8-A9F6-4B1445D3DC66}.Debug|Any CPU.Build.0 = Civil3D2019Debug|Any CPU
		{AA1444A5-0548-46E8-A9F6-4B1445D3DC66}.Release|Any CPU.ActiveCfg = Release|Any CPU
		{AA1444A5-0548-46E8-A9F6-4B1445D3DC66}.Release|Any CPU.Build.0 = Release|Any CPU
		{8E8018B0-2591-4FA6-A346-B66674B2DBA9}.Civil3D2019Debug|Any CPU.ActiveCfg = Civil3D2019Debug|Any CPU
		{8E8018B0-2591-4FA6-A346-B66674B2DBA9}.Civil3D2019Debug|Any CPU.Build.0 = Civil3D2019Debug|Any CPU
		{8E8018B0-2591-4FA6-A346-B66674B2DBA9}.Civil3D2022Debug|Any CPU.ActiveCfg = Civil3D2022Debug|Any CPU
		{8E8018B0-2591-4FA6-A346-B66674B2DBA9}.Civil3D2022Debug|Any CPU.Build.0 = Civil3D2022Debug|Any CPU
		{8E8018B0-2591-4FA6-A346-B66674B2DBA9}.Civil3D2023Debug|Any CPU.ActiveCfg = Civil3D2023Debug|Any CPU
		{8E8018B0-2591-4FA6-A346-B66674B2DBA9}.Civil3D2023Debug|Any CPU.Build.0 = Civil3D2023Debug|Any CPU
		{8E8018B0-2591-4FA6-A346-B66674B2DBA9}.Debug|Any CPU.ActiveCfg = Debug|Any CPU
		{8E8018B0-2591-4FA6-A346-B66674B2DBA9}.Debug|Any CPU.Build.0 = Debug|Any CPU
		{8E8018B0-2591-4FA6-A346-B66674B2DBA9}.Release|Any CPU.ActiveCfg = Release|Any CPU
		{8E8018B0-2591-4FA6-A346-B66674B2DBA9}.Release|Any CPU.Build.0 = Release|Any CPU
	EndGlobalSection
	GlobalSection(SolutionProperties) = preSolution
		HideSolutionNode = FALSE
	EndGlobalSection
	GlobalSection(ExtensibilityGlobals) = postSolution
		SolutionGuid = {DDC82E0A-18B8-4423-8EE4-C603AC690A4B}
	EndGlobalSection
EndGlobal
