
Microsoft Visual Studio Solution File, Format Version 12.00
# Visual Studio Version 17
VisualStudioVersion = 17.5.33424.131
MinimumVisualStudioVersion = 10.0.40219.1
Project("{9A19103F-16F7-4668-BE54-9A1E7A4F7556}") = "Civil3DAlignmentStationCoordinatesTable", "Civil3DAlignmentStationCoordinatesTable\Civil3DAlignmentStationCoordinatesTable.csproj", "{E3158364-3C2F-4C85-8D71-0BE68EA92F4B}"
	ProjectSection(ProjectDependencies) = postProject
		{D366AA9D-72E7-420F-AE21-03EAFD001403} = {D366AA9D-72E7-420F-AE21-03EAFD001403}
	EndProjectSection
EndProject
Project("{9A19103F-16F7-4668-BE54-9A1E7A4F7556}") = "InstallationFiles", "InstallationFiles\InstallationFiles.csproj", "{D366AA9D-72E7-420F-AE21-03EAFD001403}"
	ProjectSection(ProjectDependencies) = postProject
		{7A1DED80-7CBF-47C7-A443-0C630130DD07} = {7A1DED80-7CBF-47C7-A443-0C630130DD07}
		{AA1444A5-0548-46E8-A9F6-4B1445D3DC66} = {AA1444A5-0548-46E8-A9F6-4B1445D3DC66}
	EndProjectSection
EndProject
Project("{9A19103F-16F7-4668-BE54-9A1E7A4F7556}") = "Civil3DSubassemblyAnnotations", "Civil3DSubassemblyAnnotations\Civil3DSubassemblyAnnotations.csproj", "{41981E44-B15C-46AE-9FA8-067421754186}"
EndProject
Project("{9A19103F-16F7-4668-BE54-9A1E7A4F7556}") = "Civil3DUtils", "Civil3DUtils\Civil3DUtils.csproj", "{7A1DED80-7CBF-47C7-A443-0C630130DD07}"
EndProject
Project("{9A19103F-16F7-4668-BE54-9A1E7A4F7556}") = "AutoCADUtils", "AutoCADUtils\AutoCADUtils.csproj", "{AA1444A5-0548-46E8-A9F6-4B1445D3DC66}"
EndProject
Project("{9A19103F-16F7-4668-BE54-9A1E7A4F7556}") = "Civil3DToolbox", "Civil3DToolbox\Civil3DToolbox.csproj", "{8E8018B0-2591-4FA6-A346-B66674B2DBA9}"
EndProject
Project("{9A19103F-16F7-4668-BE54-9A1E7A4F7556}") = "Civil3DAssignPropertySets", "Civil3DAssignPropertySets\Civil3DAssignPropertySets.csproj", "{59316028-C542-4B96-A850-A5E98FDEAA29}"
	ProjectSection(ProjectDependencies) = postProject
		{D366AA9D-72E7-420F-AE21-03EAFD001403} = {D366AA9D-72E7-420F-AE21-03EAFD001403}
	EndProjectSection
EndProject
Project("{2150E333-8FDC-42A3-9474-1A3956D46DE8}") = "Solution Items", "Solution Items", "{BB6726F7-A9AD-4FC9-A33E-429551E04D32}"
EndProject
Project("{2150E333-8FDC-42A3-9474-1A3956D46DE8}") = "2019", "2019", "{F8A5E931-BD01-44C9-889B-396CB077E3F4}"
	ProjectSection(SolutionItems) = preProject
		Civil3DDlls\2019\accoremgd.dll = Civil3DDlls\2019\accoremgd.dll
		Civil3DDlls\2019\acdbmgd.dll = Civil3DDlls\2019\acdbmgd.dll
		Civil3DDlls\2019\acmgd.dll = Civil3DDlls\2019\acmgd.dll
		Civil3DDlls\2019\AecBaseMgd.dll = Civil3DDlls\2019\AecBaseMgd.dll
		Civil3DDlls\2019\AeccDbMgd.dll = Civil3DDlls\2019\AeccDbMgd.dll
		Civil3DDlls\2019\AecPropDataMgd.dll = Civil3DDlls\2019\AecPropDataMgd.dll
	EndProjectSection
EndProject
Project("{2150E333-8FDC-42A3-9474-1A3956D46DE8}") = "2022", "2022", "{2C92BAD2-8588-413B-B52C-FAFE96B04463}"
	ProjectSection(SolutionItems) = preProject
		Civil3DDlls\2022\accoremgd.dll = Civil3DDlls\2022\accoremgd.dll
		Civil3DDlls\2022\acdbmgd.dll = Civil3DDlls\2022\acdbmgd.dll
		Civil3DDlls\2022\acmgd.dll = Civil3DDlls\2022\acmgd.dll
		Civil3DDlls\2022\AecBaseMgd.dll = Civil3DDlls\2022\AecBaseMgd.dll
		Civil3DDlls\2022\AeccDbMgd.dll = Civil3DDlls\2022\AeccDbMgd.dll
		Civil3DDlls\2022\AecPropDataMgd.dll = Civil3DDlls\2022\AecPropDataMgd.dll
	EndProjectSection
EndProject
Project("{2150E333-8FDC-42A3-9474-1A3956D46DE8}") = "2023", "2023", "{33FCE41A-B378-4A42-A4BC-AC6B1AC0BF5E}"
	ProjectSection(SolutionItems) = preProject
		Civil3DDlls\2023\accoremgd.dll = Civil3DDlls\2023\accoremgd.dll
		Civil3DDlls\2023\acdbmgd.dll = Civil3DDlls\2023\acdbmgd.dll
		Civil3DDlls\2023\acmgd.dll = Civil3DDlls\2023\acmgd.dll
		Civil3DDlls\2023\AecBaseMgd.dll = Civil3DDlls\2023\AecBaseMgd.dll
		Civil3DDlls\2023\AeccDbMgd.dll = Civil3DDlls\2023\AeccDbMgd.dll
		Civil3DDlls\2023\AecPropDataMgd.dll = Civil3DDlls\2023\AecPropDataMgd.dll
	EndProjectSection
EndProject
Project("{2150E333-8FDC-42A3-9474-1A3956D46DE8}") = "github_actions", "github_actions", "{940944EB-52BA-48EE-BA47-32D0AD9D44C9}"
EndProject
Project("{9A19103F-16F7-4668-BE54-9A1E7A4F7556}") = "Civil3DExtractCorridorLinksToSurfaces", "Civil3DExtractCorridorLinksToSurfaces\Civil3DExtractCorridorLinksToSurfaces.csproj", "{00BD819D-91F4-446E-864E-7F9A8C9ED22A}"
	ProjectSection(ProjectDependencies) = postProject
		{D366AA9D-72E7-420F-AE21-03EAFD001403} = {D366AA9D-72E7-420F-AE21-03EAFD001403}
	EndProjectSection
EndProject
Project("{9A19103F-16F7-4668-BE54-9A1E7A4F7556}") = "Civil3DPropertyValuesReport", "Civil3DPropertyValuesReport\Civil3DPropertyValuesReport.csproj", "{B44CC1BB-800D-44AD-97E0-D949DC4F197F}"
	ProjectSection(ProjectDependencies) = postProject
		{D366AA9D-72E7-420F-AE21-03EAFD001403} = {D366AA9D-72E7-420F-AE21-03EAFD001403}
	EndProjectSection
EndProject
Project("{9A19103F-16F7-4668-BE54-9A1E7A4F7556}") = "Civil3DCreateCogoPointOnSectionView", "Civil3DCreateCogoPointOnSectionView\Civil3DCreateCogoPointOnSectionView.csproj", "{91701ED3-D389-4CCA-A36C-7A7CB491A099}"
	ProjectSection(ProjectDependencies) = postProject
		{D366AA9D-72E7-420F-AE21-03EAFD001403} = {D366AA9D-72E7-420F-AE21-03EAFD001403}
	EndProjectSection
EndProject
Project("{9A19103F-16F7-4668-BE54-9A1E7A4F7556}") = "Civil3DIFCBatchImport", "Civil3DIFCBatchImport\Civil3DIFCBatchImport.csproj", "{7C30CABA-8ECC-4534-B198-96CADD4350E4}"
	ProjectSection(ProjectDependencies) = postProject
		{D366AA9D-72E7-420F-AE21-03EAFD001403} = {D366AA9D-72E7-420F-AE21-03EAFD001403}
	EndProjectSection
EndProject
Project("{2150E333-8FDC-42A3-9474-1A3956D46DE8}") = "Libraries", "Libraries", "{C21990CC-EAF7-45ED-A84D-8FB4EED05C15}"
EndProject
Project("{9A19103F-16F7-4668-BE54-9A1E7A4F7556}") = "Civil3DLineSelfIntersectionCheck", "Civil3DLineSelfIntersectionCheck\Civil3DLineSelfIntersectionCheck.csproj", "{37334637-C1B9-4EA5-B4E4-65E8619A54FB}"
EndProject
Project("{2150E333-8FDC-42A3-9474-1A3956D46DE8}") = "2024", "2024", "{A94B09C3-4DAF-4FEC-AA93-346B8B5E68AF}"
EndProject
Global
	GlobalSection(SolutionConfigurationPlatforms) = preSolution
		Civil3D2019Debug|Any CPU = Civil3D2019Debug|Any CPU
		Civil3D2022Debug|Any CPU = Civil3D2022Debug|Any CPU
		Civil3D2023Debug|Any CPU = Civil3D2023Debug|Any CPU
		Debug|Any CPU = Debug|Any CPU
		Release|Any CPU = Release|Any CPU
	EndGlobalSection
	GlobalSection(ProjectConfigurationPlatforms) = postSolution
		{E3158364-3C2F-4C85-8D71-0BE68EA92F4B}.Civil3D2019Debug|Any CPU.ActiveCfg = Civil3D2019Debug|Any CPU
		{E3158364-3C2F-4C85-8D71-0BE68EA92F4B}.Civil3D2019Debug|Any CPU.Build.0 = Civil3D2019Debug|Any CPU
		{E3158364-3C2F-4C85-8D71-0BE68EA92F4B}.Civil3D2022Debug|Any CPU.ActiveCfg = Civil3D2022Debug|Any CPU
		{E3158364-3C2F-4C85-8D71-0BE68EA92F4B}.Civil3D2022Debug|Any CPU.Build.0 = Civil3D2022Debug|Any CPU
		{E3158364-3C2F-4C85-8D71-0BE68EA92F4B}.Civil3D2023Debug|Any CPU.ActiveCfg = Civil3D2023Debug|Any CPU
		{E3158364-3C2F-4C85-8D71-0BE68EA92F4B}.Civil3D2023Debug|Any CPU.Build.0 = Civil3D2023Debug|Any CPU
		{E3158364-3C2F-4C85-8D71-0BE68EA92F4B}.Debug|Any CPU.ActiveCfg = Civil3D2023Debug|Any CPU
		{E3158364-3C2F-4C85-8D71-0BE68EA92F4B}.Debug|Any CPU.Build.0 = Civil3D2023Debug|Any CPU
		{E3158364-3C2F-4C85-8D71-0BE68EA92F4B}.Release|Any CPU.ActiveCfg = Civil3D2023Debug|Any CPU
		{E3158364-3C2F-4C85-8D71-0BE68EA92F4B}.Release|Any CPU.Build.0 = Civil3D2023Debug|Any CPU
		{D366AA9D-72E7-420F-AE21-03EAFD001403}.Civil3D2019Debug|Any CPU.ActiveCfg = Civil3D2019Debug|Any CPU
		{D366AA9D-72E7-420F-AE21-03EAFD001403}.Civil3D2019Debug|Any CPU.Build.0 = Civil3D2019Debug|Any CPU
		{D366AA9D-72E7-420F-AE21-03EAFD001403}.Civil3D2022Debug|Any CPU.ActiveCfg = Civil3D2022Debug|Any CPU
		{D366AA9D-72E7-420F-AE21-03EAFD001403}.Civil3D2022Debug|Any CPU.Build.0 = Civil3D2022Debug|Any CPU
		{D366AA9D-72E7-420F-AE21-03EAFD001403}.Civil3D2023Debug|Any CPU.ActiveCfg = Civil3D2023Debug|Any CPU
		{D366AA9D-72E7-420F-AE21-03EAFD001403}.Civil3D2023Debug|Any CPU.Build.0 = Civil3D2023Debug|Any CPU
		{D366AA9D-72E7-420F-AE21-03EAFD001403}.Debug|Any CPU.ActiveCfg = Debug|Any CPU
		{D366AA9D-72E7-420F-AE21-03EAFD001403}.Debug|Any CPU.Build.0 = Debug|Any CPU
		{D366AA9D-72E7-420F-AE21-03EAFD001403}.Release|Any CPU.ActiveCfg = Release|Any CPU
		{D366AA9D-72E7-420F-AE21-03EAFD001403}.Release|Any CPU.Build.0 = Release|Any CPU
		{41981E44-B15C-46AE-9FA8-067421754186}.Civil3D2019Debug|Any CPU.ActiveCfg = Civil3D2019Debug|Any CPU
		{41981E44-B15C-46AE-9FA8-067421754186}.Civil3D2019Debug|Any CPU.Build.0 = Civil3D2019Debug|Any CPU
		{41981E44-B15C-46AE-9FA8-067421754186}.Civil3D2022Debug|Any CPU.ActiveCfg = Civil3D2022Debug|Any CPU
		{41981E44-B15C-46AE-9FA8-067421754186}.Civil3D2022Debug|Any CPU.Build.0 = Civil3D2022Debug|Any CPU
		{41981E44-B15C-46AE-9FA8-067421754186}.Civil3D2023Debug|Any CPU.ActiveCfg = Civil3D2023Debug|Any CPU
		{41981E44-B15C-46AE-9FA8-067421754186}.Civil3D2023Debug|Any CPU.Build.0 = Civil3D2023Debug|Any CPU
		{41981E44-B15C-46AE-9FA8-067421754186}.Debug|Any CPU.ActiveCfg = Civil3D2023Debug|Any CPU
		{41981E44-B15C-46AE-9FA8-067421754186}.Debug|Any CPU.Build.0 = Civil3D2023Debug|Any CPU
		{41981E44-B15C-46AE-9FA8-067421754186}.Release|Any CPU.ActiveCfg = Civil3D2019Debug|Any CPU
		{41981E44-B15C-46AE-9FA8-067421754186}.Release|Any CPU.Build.0 = Civil3D2019Debug|Any CPU
		{7A1DED80-7CBF-47C7-A443-0C630130DD07}.Civil3D2019Debug|Any CPU.ActiveCfg = Civil3D2019Debug|Any CPU
		{7A1DED80-7CBF-47C7-A443-0C630130DD07}.Civil3D2019Debug|Any CPU.Build.0 = Civil3D2019Debug|Any CPU
		{7A1DED80-7CBF-47C7-A443-0C630130DD07}.Civil3D2022Debug|Any CPU.ActiveCfg = Civil3D2022Debug|Any CPU
		{7A1DED80-7CBF-47C7-A443-0C630130DD07}.Civil3D2022Debug|Any CPU.Build.0 = Civil3D2022Debug|Any CPU
		{7A1DED80-7CBF-47C7-A443-0C630130DD07}.Civil3D2023Debug|Any CPU.ActiveCfg = Civil3D2023Debug|Any CPU
		{7A1DED80-7CBF-47C7-A443-0C630130DD07}.Civil3D2023Debug|Any CPU.Build.0 = Civil3D2023Debug|Any CPU
		{7A1DED80-7CBF-47C7-A443-0C630130DD07}.Debug|Any CPU.ActiveCfg = Civil3D2023Debug|Any CPU
		{7A1DED80-7CBF-47C7-A443-0C630130DD07}.Debug|Any CPU.Build.0 = Civil3D2023Debug|Any CPU
		{7A1DED80-7CBF-47C7-A443-0C630130DD07}.Release|Any CPU.ActiveCfg = Release|Any CPU
		{7A1DED80-7CBF-47C7-A443-0C630130DD07}.Release|Any CPU.Build.0 = Release|Any CPU
		{AA1444A5-0548-46E8-A9F6-4B1445D3DC66}.Civil3D2019Debug|Any CPU.ActiveCfg = Civil3D2019Debug|Any CPU
		{AA1444A5-0548-46E8-A9F6-4B1445D3DC66}.Civil3D2019Debug|Any CPU.Build.0 = Civil3D2019Debug|Any CPU
		{AA1444A5-0548-46E8-A9F6-4B1445D3DC66}.Civil3D2022Debug|Any CPU.ActiveCfg = Civil3D2022Debug|Any CPU
		{AA1444A5-0548-46E8-A9F6-4B1445D3DC66}.Civil3D2022Debug|Any CPU.Build.0 = Civil3D2022Debug|Any CPU
		{AA1444A5-0548-46E8-A9F6-4B1445D3DC66}.Civil3D2023Debug|Any CPU.ActiveCfg = Civil3D2023Debug|Any CPU
		{AA1444A5-0548-46E8-A9F6-4B1445D3DC66}.Civil3D2023Debug|Any CPU.Build.0 = Civil3D2023Debug|Any CPU
		{AA1444A5-0548-46E8-A9F6-4B1445D3DC66}.Debug|Any CPU.ActiveCfg = Civil3D2023Debug|Any CPU
		{AA1444A5-0548-46E8-A9F6-4B1445D3DC66}.Debug|Any CPU.Build.0 = Civil3D2023Debug|Any CPU
		{AA1444A5-0548-46E8-A9F6-4B1445D3DC66}.Release|Any CPU.ActiveCfg = Release|Any CPU
		{AA1444A5-0548-46E8-A9F6-4B1445D3DC66}.Release|Any CPU.Build.0 = Release|Any CPU
		{8E8018B0-2591-4FA6-A346-B66674B2DBA9}.Civil3D2019Debug|Any CPU.ActiveCfg = Civil3D2019Debug|Any CPU
		{8E8018B0-2591-4FA6-A346-B66674B2DBA9}.Civil3D2019Debug|Any CPU.Build.0 = Civil3D2019Debug|Any CPU
		{8E8018B0-2591-4FA6-A346-B66674B2DBA9}.Civil3D2022Debug|Any CPU.ActiveCfg = Civil3D2022Debug|Any CPU
		{8E8018B0-2591-4FA6-A346-B66674B2DBA9}.Civil3D2022Debug|Any CPU.Build.0 = Civil3D2022Debug|Any CPU
		{8E8018B0-2591-4FA6-A346-B66674B2DBA9}.Civil3D2023Debug|Any CPU.ActiveCfg = Civil3D2023Debug|Any CPU
		{8E8018B0-2591-4FA6-A346-B66674B2DBA9}.Civil3D2023Debug|Any CPU.Build.0 = Civil3D2023Debug|Any CPU
		{8E8018B0-2591-4FA6-A346-B66674B2DBA9}.Debug|Any CPU.ActiveCfg = Debug|Any CPU
		{8E8018B0-2591-4FA6-A346-B66674B2DBA9}.Debug|Any CPU.Build.0 = Debug|Any CPU
		{8E8018B0-2591-4FA6-A346-B66674B2DBA9}.Release|Any CPU.ActiveCfg = Release|Any CPU
		{8E8018B0-2591-4FA6-A346-B66674B2DBA9}.Release|Any CPU.Build.0 = Release|Any CPU
		{59316028-C542-4B96-A850-A5E98FDEAA29}.Civil3D2019Debug|Any CPU.ActiveCfg = Civil3D2019Debug|Any CPU
		{59316028-C542-4B96-A850-A5E98FDEAA29}.Civil3D2019Debug|Any CPU.Build.0 = Civil3D2019Debug|Any CPU
		{59316028-C542-4B96-A850-A5E98FDEAA29}.Civil3D2022Debug|Any CPU.ActiveCfg = Civil3D2022Debug|Any CPU
		{59316028-C542-4B96-A850-A5E98FDEAA29}.Civil3D2022Debug|Any CPU.Build.0 = Civil3D2022Debug|Any CPU
		{59316028-C542-4B96-A850-A5E98FDEAA29}.Civil3D2023Debug|Any CPU.ActiveCfg = Civil3D2023Debug|Any CPU
		{59316028-C542-4B96-A850-A5E98FDEAA29}.Civil3D2023Debug|Any CPU.Build.0 = Civil3D2023Debug|Any CPU
		{59316028-C542-4B96-A850-A5E98FDEAA29}.Debug|Any CPU.ActiveCfg = Debug|Any CPU
		{59316028-C542-4B96-A850-A5E98FDEAA29}.Debug|Any CPU.Build.0 = Debug|Any CPU
		{59316028-C542-4B96-A850-A5E98FDEAA29}.Release|Any CPU.ActiveCfg = Release|Any CPU
		{59316028-C542-4B96-A850-A5E98FDEAA29}.Release|Any CPU.Build.0 = Release|Any CPU
		{00BD819D-91F4-446E-864E-7F9A8C9ED22A}.Civil3D2019Debug|Any CPU.ActiveCfg = Civil3D2019Debug|Any CPU
		{00BD819D-91F4-446E-864E-7F9A8C9ED22A}.Civil3D2019Debug|Any CPU.Build.0 = Civil3D2019Debug|Any CPU
		{00BD819D-91F4-446E-864E-7F9A8C9ED22A}.Civil3D2022Debug|Any CPU.ActiveCfg = Civil3D2022Debug|Any CPU
		{00BD819D-91F4-446E-864E-7F9A8C9ED22A}.Civil3D2022Debug|Any CPU.Build.0 = Civil3D2022Debug|Any CPU
		{00BD819D-91F4-446E-864E-7F9A8C9ED22A}.Civil3D2023Debug|Any CPU.ActiveCfg = Civil3D2023Debug|Any CPU
		{00BD819D-91F4-446E-864E-7F9A8C9ED22A}.Civil3D2023Debug|Any CPU.Build.0 = Civil3D2023Debug|Any CPU
		{00BD819D-91F4-446E-864E-7F9A8C9ED22A}.Debug|Any CPU.ActiveCfg = Civil3D2023Debug|Any CPU
		{00BD819D-91F4-446E-864E-7F9A8C9ED22A}.Debug|Any CPU.Build.0 = Civil3D2023Debug|Any CPU
		{00BD819D-91F4-446E-864E-7F9A8C9ED22A}.Release|Any CPU.ActiveCfg = Civil3D2019Debug|Any CPU
		{00BD819D-91F4-446E-864E-7F9A8C9ED22A}.Release|Any CPU.Build.0 = Civil3D2019Debug|Any CPU
		{B44CC1BB-800D-44AD-97E0-D949DC4F197F}.Civil3D2019Debug|Any CPU.ActiveCfg = Civil3D2019Debug|Any CPU
		{B44CC1BB-800D-44AD-97E0-D949DC4F197F}.Civil3D2019Debug|Any CPU.Build.0 = Civil3D2019Debug|Any CPU
		{B44CC1BB-800D-44AD-97E0-D949DC4F197F}.Civil3D2022Debug|Any CPU.ActiveCfg = Civil3D2022Debug|Any CPU
		{B44CC1BB-800D-44AD-97E0-D949DC4F197F}.Civil3D2022Debug|Any CPU.Build.0 = Civil3D2022Debug|Any CPU
		{B44CC1BB-800D-44AD-97E0-D949DC4F197F}.Civil3D2023Debug|Any CPU.ActiveCfg = Civil3D2023Debug|Any CPU
		{B44CC1BB-800D-44AD-97E0-D949DC4F197F}.Civil3D2023Debug|Any CPU.Build.0 = Civil3D2023Debug|Any CPU
		{B44CC1BB-800D-44AD-97E0-D949DC4F197F}.Debug|Any CPU.ActiveCfg = Civil3D2023Debug|Any CPU
		{B44CC1BB-800D-44AD-97E0-D949DC4F197F}.Debug|Any CPU.Build.0 = Civil3D2023Debug|Any CPU
		{B44CC1BB-800D-44AD-97E0-D949DC4F197F}.Release|Any CPU.ActiveCfg = Civil3D2019Debug|Any CPU
		{B44CC1BB-800D-44AD-97E0-D949DC4F197F}.Release|Any CPU.Build.0 = Civil3D2019Debug|Any CPU
		{91701ED3-D389-4CCA-A36C-7A7CB491A099}.Civil3D2019Debug|Any CPU.ActiveCfg = Civil3D2019Debug|Any CPU
		{91701ED3-D389-4CCA-A36C-7A7CB491A099}.Civil3D2019Debug|Any CPU.Build.0 = Civil3D2019Debug|Any CPU
		{91701ED3-D389-4CCA-A36C-7A7CB491A099}.Civil3D2022Debug|Any CPU.ActiveCfg = Civil3D2022Debug|Any CPU
		{91701ED3-D389-4CCA-A36C-7A7CB491A099}.Civil3D2022Debug|Any CPU.Build.0 = Civil3D2022Debug|Any CPU
		{91701ED3-D389-4CCA-A36C-7A7CB491A099}.Civil3D2023Debug|Any CPU.ActiveCfg = Civil3D2023Debug|Any CPU
		{91701ED3-D389-4CCA-A36C-7A7CB491A099}.Civil3D2023Debug|Any CPU.Build.0 = Civil3D2023Debug|Any CPU
		{91701ED3-D389-4CCA-A36C-7A7CB491A099}.Debug|Any CPU.ActiveCfg = Civil3D2023Debug|Any CPU
		{91701ED3-D389-4CCA-A36C-7A7CB491A099}.Debug|Any CPU.Build.0 = Civil3D2023Debug|Any CPU
		{91701ED3-D389-4CCA-A36C-7A7CB491A099}.Release|Any CPU.ActiveCfg = Civil3D2019Debug|Any CPU
		{91701ED3-D389-4CCA-A36C-7A7CB491A099}.Release|Any CPU.Build.0 = Civil3D2019Debug|Any CPU
		{7C30CABA-8ECC-4534-B198-96CADD4350E4}.Civil3D2019Debug|Any CPU.ActiveCfg = Civil3D2019Debug|Any CPU
		{7C30CABA-8ECC-4534-B198-96CADD4350E4}.Civil3D2019Debug|Any CPU.Build.0 = Civil3D2019Debug|Any CPU
		{7C30CABA-8ECC-4534-B198-96CADD4350E4}.Civil3D2022Debug|Any CPU.ActiveCfg = Civil3D2022Debug|Any CPU
		{7C30CABA-8ECC-4534-B198-96CADD4350E4}.Civil3D2022Debug|Any CPU.Build.0 = Civil3D2022Debug|Any CPU
		{7C30CABA-8ECC-4534-B198-96CADD4350E4}.Civil3D2023Debug|Any CPU.ActiveCfg = Civil3D2023Debug|Any CPU
		{7C30CABA-8ECC-4534-B198-96CADD4350E4}.Civil3D2023Debug|Any CPU.Build.0 = Civil3D2023Debug|Any CPU
		{7C30CABA-8ECC-4534-B198-96CADD4350E4}.Debug|Any CPU.ActiveCfg = Civil3D2023Debug|Any CPU
		{7C30CABA-8ECC-4534-B198-96CADD4350E4}.Debug|Any CPU.Build.0 = Civil3D2023Debug|Any CPU
		{7C30CABA-8ECC-4534-B198-96CADD4350E4}.Release|Any CPU.ActiveCfg = Civil3D2019Debug|Any CPU
		{7C30CABA-8ECC-4534-B198-96CADD4350E4}.Release|Any CPU.Build.0 = Civil3D2019Debug|Any CPU
		{37334637-C1B9-4EA5-B4E4-65E8619A54FB}.Civil3D2019Debug|Any CPU.ActiveCfg = Civil3D2019Debug|Any CPU
		{37334637-C1B9-4EA5-B4E4-65E8619A54FB}.Civil3D2019Debug|Any CPU.Build.0 = Civil3D2019Debug|Any CPU
		{37334637-C1B9-4EA5-B4E4-65E8619A54FB}.Civil3D2022Debug|Any CPU.ActiveCfg = Civil3D2022Debug|Any CPU
		{37334637-C1B9-4EA5-B4E4-65E8619A54FB}.Civil3D2022Debug|Any CPU.Build.0 = Civil3D2022Debug|Any CPU
		{37334637-C1B9-4EA5-B4E4-65E8619A54FB}.Civil3D2023Debug|Any CPU.ActiveCfg = Civil3D2023Debug|Any CPU
		{37334637-C1B9-4EA5-B4E4-65E8619A54FB}.Civil3D2023Debug|Any CPU.Build.0 = Civil3D2023Debug|Any CPU
		{37334637-C1B9-4EA5-B4E4-65E8619A54FB}.Debug|Any CPU.ActiveCfg = Debug|Any CPU
		{37334637-C1B9-4EA5-B4E4-65E8619A54FB}.Debug|Any CPU.Build.0 = Debug|Any CPU
		{37334637-C1B9-4EA5-B4E4-65E8619A54FB}.Release|Any CPU.ActiveCfg = Release|Any CPU
		{37334637-C1B9-4EA5-B4E4-65E8619A54FB}.Release|Any CPU.Build.0 = Release|Any CPU
	EndGlobalSection
	GlobalSection(SolutionProperties) = preSolution
		HideSolutionNode = FALSE
	EndGlobalSection
	GlobalSection(NestedProjects) = preSolution
		{7A1DED80-7CBF-47C7-A443-0C630130DD07} = {C21990CC-EAF7-45ED-A84D-8FB4EED05C15}
		{AA1444A5-0548-46E8-A9F6-4B1445D3DC66} = {C21990CC-EAF7-45ED-A84D-8FB4EED05C15}
		{F8A5E931-BD01-44C9-889B-396CB077E3F4} = {BB6726F7-A9AD-4FC9-A33E-429551E04D32}
		{2C92BAD2-8588-413B-B52C-FAFE96B04463} = {BB6726F7-A9AD-4FC9-A33E-429551E04D32}
		{33FCE41A-B378-4A42-A4BC-AC6B1AC0BF5E} = {BB6726F7-A9AD-4FC9-A33E-429551E04D32}
		{940944EB-52BA-48EE-BA47-32D0AD9D44C9} = {BB6726F7-A9AD-4FC9-A33E-429551E04D32}
		{A94B09C3-4DAF-4FEC-AA93-346B8B5E68AF} = {BB6726F7-A9AD-4FC9-A33E-429551E04D32}
	EndGlobalSection
	GlobalSection(ExtensibilityGlobals) = postSolution
		SolutionGuid = {DDC82E0A-18B8-4423-8EE4-C603AC690A4B}
	EndGlobalSection
EndGlobal
